annotated-doc==0.0.5
anyio==4.15.1
certifi==2026.7.22
click==8.5.0
filelock==4.0.12
fsspec==2026.9.0
h11==0.16.0
hf-xet==1.7.0
httpcore==1.0.9
httpx==0.28.1
huggingface-hub==1.33.0
idna==3.20
jinja2==3.1.6
markdown-it-py==4.2.0
markupsafe==3.0.4
mdurl==0.1.2
mlx==0.32.3
mlx-cuda-13==0.32.3
mlx-lm==0.32.0
numpy==2.5.3
nvidia-cublas==13.8.1.7
nvidia-cuda-nvrtc==13.4.92
nvidia-cuda-runtime==13.4.92
nvidia-cudnn-cu13==9.27.0.42
nvidia-cufft==12.4.0.43
nvidia-cusolver==12.3.4.7
nvidia-cusparse==12.8.6.72
nvidia-nccl-cu13==2.32.3
nvidia-nvjitlink==13.4.92
packaging==26.3
protobuf==7.36.2
pygments==2.21.0
pyyaml==6.0.3
regex==2026.9.29
rich==15.0.0
safetensors==0.8.0
sentencepiece==0.2.2
shellingham==1.5.4
tokenizers==0.23.2
tqdm==4.70.1
transformers==5.19.0
typer==0.27.3
typing-extensions==4.16.0
